
Microsoft Visual Studio Solution File, Format Version 12.00
# Visual Studio Version 17
VisualStudioVersion = 17.6.33829.357
MinimumVisualStudioVersion = 10.0.40219.1
Project("{FAE04EC0-301F-11D3-BF4B-00C04F79EFBC}") = "1.2", "1.2.csproj", "{0C98E012-6F65-4571-A2B9-3D046BE1F1FB}"
EndProject
Global
	GlobalSection(SolutionConfigurationPlatforms) = preSolution
		Debug|Any CPU = Debug|Any CPU
		Release|Any CPU = Release|Any CPU
	EndGlobalSection
	GlobalSection(ProjectConfigurationPlatforms) = postSolution
		{0C98E012-6F65-4571-A2B9-3D046BE1F1FB}.Debug|Any CPU.ActiveCfg = Debug|Any CPU
		{0C98E012-6F65-4571-A2B9-3D046BE1F1FB}.Debug|Any CPU.Build.0 = Debug|Any CPU
		{0C98E012-6F65-4571-A2B9-3D046BE1F1FB}.Release|Any CPU.ActiveCfg = Release|Any CPU
		{0C98E012-6F65-4571-A2B9-3D046BE1F1FB}.Release|Any CPU.Build.0 = Release|Any CPU
	EndGlobalSection
	GlobalSection(SolutionProperties) = preSolution
		HideSolutionNode = FALSE
	EndGlobalSection
	GlobalSection(ExtensibilityGlobals) = postSolution
		SolutionGuid = {D5D64B3F-2AAA-4DF1-887C-29179587AAA2}
	EndGlobalSection
EndGlobal
